
Microsoft Visual Studio Solution File, Format Version 12.00
# Visual Studio Version 16
VisualStudioVersion = 16.0.30011.22
MinimumVisualStudioVersion = 10.0.40219.1
Project("{FAE04EC0-301F-11D3-BF4B-00C04F79EFBC}") = "ITshop", "ITshop\ITshop.csproj", "{3C14AEE3-97DD-4D20-8116-2510B45CB485}"
EndProject
Global
	GlobalSection(SolutionConfigurationPlatforms) = preSolution
		Debug|Any CPU = Debug|Any CPU
		Release|Any CPU = Release|Any CPU
	EndGlobalSection
	GlobalSection(ProjectConfigurationPlatforms) = postSolution
		{3C14AEE3-97DD-4D20-8116-2510B45CB485}.Debug|Any CPU.ActiveCfg = Debug|Any CPU
		{3C14AEE3-97DD-4D20-8116-2510B45CB485}.Debug|Any CPU.Build.0 = Debug|Any CPU
		{3C14AEE3-97DD-4D20-8116-2510B45CB485}.Release|Any CPU.ActiveCfg = Release|Any CPU
		{3C14AEE3-97DD-4D20-8116-2510B45CB485}.Release|Any CPU.Build.0 = Release|Any CPU
	EndGlobalSection
	GlobalSection(SolutionProperties) = preSolution
		HideSolutionNode = FALSE
	EndGlobalSection
	GlobalSection(ExtensibilityGlobals) = postSolution
		SolutionGuid = {8F989025-2C6C-4351-A06D-AD2BFEC22421}
	EndGlobalSection
EndGlobal
